
Microsoft Visual Studio Solution File, Format Version 12.00
# Visual Studio Version 16
VisualStudioVersion = 16.0.31410.357
MinimumVisualStudioVersion = 10.0.40219.1
Project("{FAE04EC0-301F-11D3-BF4B-00C04F79EFBC}") = "first-core-app", "first-core-app.csproj", "{90716ED3-287A-45E5-BECE-2CB65E19465A}"
EndProject
Global
	GlobalSection(SolutionConfigurationPlatforms) = preSolution
		Debug|Any CPU = Debug|Any CPU
		Release|Any CPU = Release|Any CPU
	EndGlobalSection
	GlobalSection(ProjectConfigurationPlatforms) = postSolution
		{90716ED3-287A-45E5-BECE-2CB65E19465A}.Debug|Any CPU.ActiveCfg = Debug|Any CPU
		{90716ED3-287A-45E5-BECE-2CB65E19465A}.Debug|Any CPU.Build.0 = Debug|Any CPU
		{90716ED3-287A-45E5-BECE-2CB65E19465A}.Release|Any CPU.ActiveCfg = Release|Any CPU
		{90716ED3-287A-45E5-BECE-2CB65E19465A}.Release|Any CPU.Build.0 = Release|Any CPU
	EndGlobalSection
	GlobalSection(SolutionProperties) = preSolution
		HideSolutionNode = FALSE
	EndGlobalSection
	GlobalSection(ExtensibilityGlobals) = postSolution
		SolutionGuid = {FB39DA11-142E-48B3-9D72-FCFAAC92D37D}
	EndGlobalSection
EndGlobal
